
Microsoft Visual Studio Solution File, Format Version 12.00
# Visual Studio Version 18
VisualStudioVersion = 18.6.11806.211 stable
MinimumVisualStudioVersion = 10.0.40219.1
Project("{FAE04EC0-301F-11D3-BF4B-00C04F79EFBC}") = "MiniForm", "MiniForm.csproj", "{14C8F9BC-B151-ABAD-C827-E7621A16D8CE}"
EndProject
Global
	GlobalSection(SolutionConfigurationPlatforms) = preSolution
		Debug|Any CPU = Debug|Any CPU
		Release|Any CPU = Release|Any CPU
	EndGlobalSection
	GlobalSection(ProjectConfigurationPlatforms) = postSolution
		{14C8F9BC-B151-ABAD-C827-E7621A16D8CE}.Debug|Any CPU.ActiveCfg = Debug|Any CPU
		{14C8F9BC-B151-ABAD-C827-E7621A16D8CE}.Debug|Any CPU.Build.0 = Debug|Any CPU
		{14C8F9BC-B151-ABAD-C827-E7621A16D8CE}.Release|Any CPU.ActiveCfg = Release|Any CPU
		{14C8F9BC-B151-ABAD-C827-E7621A16D8CE}.Release|Any CPU.Build.0 = Release|Any CPU
	EndGlobalSection
	GlobalSection(SolutionProperties) = preSolution
		HideSolutionNode = FALSE
	EndGlobalSection
	GlobalSection(ExtensibilityGlobals) = postSolution
		SolutionGuid = {B11E8B93-BE0C-4B45-B2F7-4D7BD986F584}
	EndGlobalSection
EndGlobal
